
Microsoft Visual Studio Solution File, Format Version 12.00
# Visual Studio Version 16
VisualStudioVersion = 16.0.31410.357
MinimumVisualStudioVersion = 10.0.40219.1
Project("{FAE04EC0-301F-11D3-BF4B-00C04F79EFBC}") = "communication-log", "communication-log\communication-log.csproj", "{80AAE72A-3C54-415E-A031-C2D7D1EDD245}"
EndProject
Global
	GlobalSection(SolutionConfigurationPlatforms) = preSolution
		Debug|Any CPU = Debug|Any CPU
		Release|Any CPU = Release|Any CPU
	EndGlobalSection
	GlobalSection(ProjectConfigurationPlatforms) = postSolution
		{80AAE72A-3C54-415E-A031-C2D7D1EDD245}.Debug|Any CPU.ActiveCfg = Debug|Any CPU
		{80AAE72A-3C54-415E-A031-C2D7D1EDD245}.Debug|Any CPU.Build.0 = Debug|Any CPU
		{80AAE72A-3C54-415E-A031-C2D7D1EDD245}.Release|Any CPU.ActiveCfg = Release|Any CPU
		{80AAE72A-3C54-415E-A031-C2D7D1EDD245}.Release|Any CPU.Build.0 = Release|Any CPU
	EndGlobalSection
	GlobalSection(SolutionProperties) = preSolution
		HideSolutionNode = FALSE
	EndGlobalSection
	GlobalSection(ExtensibilityGlobals) = postSolution
		SolutionGuid = {BD17F2D3-9165-47C3-B422-802198269674}
	EndGlobalSection
EndGlobal
